
Microsoft Visual Studio Solution File, Format Version 12.00
# Visual Studio Version 17
VisualStudioVersion = 17.5.33530.505
MinimumVisualStudioVersion = 10.0.40219.1
Project("{FAE04EC0-301F-11D3-BF4B-00C04F79EFBC}") = "udp_cam", "udp_cam.csproj", "{95CC24F9-E1DE-489A-9261-FB15C7BF98D1}"
EndProject
Global
	GlobalSection(SolutionConfigurationPlatforms) = preSolution
		Debug|Any CPU = Debug|Any CPU
		Release|Any CPU = Release|Any CPU
	EndGlobalSection
	GlobalSection(ProjectConfigurationPlatforms) = postSolution
		{95CC24F9-E1DE-489A-9261-FB15C7BF98D1}.Debug|Any CPU.ActiveCfg = Debug|Any CPU
		{95CC24F9-E1DE-489A-9261-FB15C7BF98D1}.Debug|Any CPU.Build.0 = Debug|Any CPU
		{95CC24F9-E1DE-489A-9261-FB15C7BF98D1}.Release|Any CPU.ActiveCfg = Release|Any CPU
		{95CC24F9-E1DE-489A-9261-FB15C7BF98D1}.Release|Any CPU.Build.0 = Release|Any CPU
	EndGlobalSection
	GlobalSection(SolutionProperties) = preSolution
		HideSolutionNode = FALSE
	EndGlobalSection
	GlobalSection(ExtensibilityGlobals) = postSolution
		SolutionGuid = {70E5CBB8-D3ED-44A6-AE8D-5AF9CB36EDB7}
	EndGlobalSection
EndGlobal
